dependencies:
- name: grafana
  repository: https://grafana-community.github.io/helm-charts
  version: 12.3.0
- name: greptimedb-standalone
  repository: https://greptimeteam.github.io/helm-charts/
  version: 0.4.2
- name: headlamp
  repository: https://kubernetes-sigs.github.io/headlamp
  version: 0.42.0
- name: alloy
  repository: https://grafana.github.io/helm-charts
  version: 1.8.1
- name: kube-state-metrics
  repository: https://prometheus-community.github.io/helm-charts/
  version: 7.3.0
- name: alertmanager
  repository: https://prometheus-community.github.io/helm-charts/
  version: 1.37.0
- name: prometheus-blackbox-exporter
  repository: https://prometheus-community.github.io/helm-charts/
  version: 11.10.0
digest: sha256:dfaa6268c46728342b9e92e188410db0de9b4ee1aed695ee4118691a2ef5d074
generated: "2026-05-29T18:05:24.461811153+02:00"
